PODS:
  - Capacitor (8.0.1):
    - CapacitorCordova
  - CapacitorApp (8.0.0):
    - Capacitor
  - CapacitorBrowser (8.0.0):
    - Capacitor
  - CapacitorCordova (8.0.1)
  - CapacitorHaptics (8.0.0):
    - Capacitor

DEPENDENCIES:
  - "Capacitor (from `../../node_modules/@capacitor/ios`)"
  - "CapacitorApp (from `../../node_modules/@capacitor/app`)"
  - "CapacitorBrowser (from `../../node_modules/@capacitor/browser`)"
  - "CapacitorCordova (from `../../node_modules/@capacitor/ios`)"
  - "CapacitorHaptics (from `../../node_modules/@capacitor/haptics`)"

EXTERNAL SOURCES:
  Capacitor:
    :path: "../../node_modules/@capacitor/ios"
  CapacitorApp:
    :path: "../../node_modules/@capacitor/app"
  CapacitorBrowser:
    :path: "../../node_modules/@capacitor/browser"
  CapacitorCordova:
    :path: "../../node_modules/@capacitor/ios"
  CapacitorHaptics:
    :path: "../../node_modules/@capacitor/haptics"

SPEC CHECKSUMS:
  Capacitor: ff35b0f66370b84aa238251b35b91886a3207c16
  CapacitorApp: 3963a84197280757b84f126afd1520a85ae3b092
  CapacitorBrowser: b7d7f05f840fe042e46f6528bb8db853e3058fb2
  CapacitorCordova: 0d65b9bb74e995dcecb9463f34f1af2aba6f955c
  CapacitorHaptics: 2079d9fa04c5a71e18663b4722323c304c58245c

PODFILE CHECKSUM: 1243d99cf435ae655d5656e1692a7e15a33a46c0

COCOAPODS: 1.16.2
